
Microsoft Visual Studio Solution File, Format Version 12.00
# Visual Studio Version 17
VisualStudioVersion = 17.5.002.0
MinimumVisualStudioVersion = 10.0.40219.1
Project("{9A19103F-16F7-4668-BE54-9A1E7A4F7556}") = "APL20032", "APL20032.csproj", "{E98E8A04-9A1F-436C-B8B3-C5A222146042}"
EndProject
Global
	GlobalSection(SolutionConfigurationPlatforms) = preSolution
		Debug|Any CPU = Debug|Any CPU
		Release|Any CPU = Release|Any CPU
	EndGlobalSection
	GlobalSection(ProjectConfigurationPlatforms) = postSolution
		{E98E8A04-9A1F-436C-B8B3-C5A222146042}.Debug|Any CPU.ActiveCfg = Debug|Any CPU
		{E98E8A04-9A1F-436C-B8B3-C5A222146042}.Debug|Any CPU.Build.0 = Debug|Any CPU
		{E98E8A04-9A1F-436C-B8B3-C5A222146042}.Release|Any CPU.ActiveCfg = Release|Any CPU
		{E98E8A04-9A1F-436C-B8B3-C5A222146042}.Release|Any CPU.Build.0 = Release|Any CPU
	EndGlobalSection
	GlobalSection(SolutionProperties) = preSolution
		HideSolutionNode = FALSE
	EndGlobalSection
	GlobalSection(ExtensibilityGlobals) = postSolution
		SolutionGuid = {767D2A4E-AF5B-4E4A-B80A-E1CCCB6A5DCC}
	EndGlobalSection
EndGlobal
